
Microsoft Visual Studio Solution File, Format Version 12.00
# Visual Studio Version 16
VisualStudioVersion = 16.0.32510.428
MinimumVisualStudioVersion = 10.0.40219.1
Project("{888888A0-9F3D-457C-B088-3A5042F75D52}") = "ITMO. Py.3", "ITMO. Py.3\ITMO. Py.3.pyproj", "{161424A2-2412-4F64-9810-7F2D2E6A557B}"
EndProject
Global
	GlobalSection(SolutionConfigurationPlatforms) = preSolution
		Debug|Any CPU = Debug|Any CPU
		Release|Any CPU = Release|Any CPU
	EndGlobalSection
	GlobalSection(ProjectConfigurationPlatforms) = postSolution
		{161424A2-2412-4F64-9810-7F2D2E6A557B}.Debug|Any CPU.ActiveCfg = Debug|Any CPU
		{161424A2-2412-4F64-9810-7F2D2E6A557B}.Release|Any CPU.ActiveCfg = Release|Any CPU
	EndGlobalSection
	GlobalSection(SolutionProperties) = preSolution
		HideSolutionNode = FALSE
	EndGlobalSection
	GlobalSection(ExtensibilityGlobals) = postSolution
		SolutionGuid = {FDBF2265-C70A-4485-9A66-7E9676B57285}
	EndGlobalSection
EndGlobal
